
Microsoft Visual Studio Solution File, Format Version 12.00
# Visual Studio Version 17
VisualStudioVersion = 17.9.34728.123
MinimumVisualStudioVersion = 10.0.40219.1
Project("{FAE04EC0-301F-11D3-BF4B-00C04F79EFBC}") = "EmailService.API", "EmailService.API\EmailService.API.csproj", "{771DA4E9-10CE-4A59-AA7D-1FEC5EA3798A}"
EndProject
Project("{FAE04EC0-301F-11D3-BF4B-00C04F79EFBC}") = "EmailService.Core", "EmailService.Core\EmailService.Core.csproj", "{E5AA0B13-C653-46A3-8D37-CE998AA27E27}"
EndProject
Project("{E53339B2-1760-4266-BCC7-CA923CBCF16C}") = "docker-compose", "docker-compose.dcproj", "{C97BF839-1018-46D3-8A97-7A2868019016}"
EndProject
Global
	GlobalSection(SolutionConfigurationPlatforms) = preSolution
		Debug|Any CPU = Debug|Any CPU
		Release|Any CPU = Release|Any CPU
	EndGlobalSection
	GlobalSection(ProjectConfigurationPlatforms) = postSolution
		{771DA4E9-10CE-4A59-AA7D-1FEC5EA3798A}.Debug|Any CPU.ActiveCfg = Debug|Any CPU
		{771DA4E9-10CE-4A59-AA7D-1FEC5EA3798A}.Debug|Any CPU.Build.0 = Debug|Any CPU
		{771DA4E9-10CE-4A59-AA7D-1FEC5EA3798A}.Release|Any CPU.ActiveCfg = Release|Any CPU
		{771DA4E9-10CE-4A59-AA7D-1FEC5EA3798A}.Release|Any CPU.Build.0 = Release|Any CPU
		{E5AA0B13-C653-46A3-8D37-CE998AA27E27}.Debug|Any CPU.ActiveCfg = Debug|Any CPU
		{E5AA0B13-C653-46A3-8D37-CE998AA27E27}.Debug|Any CPU.Build.0 = Debug|Any CPU
		{E5AA0B13-C653-46A3-8D37-CE998AA27E27}.Release|Any CPU.ActiveCfg = Release|Any CPU
		{E5AA0B13-C653-46A3-8D37-CE998AA27E27}.Release|Any CPU.Build.0 = Release|Any CPU
		{C97BF839-1018-46D3-8A97-7A2868019016}.Debug|Any CPU.ActiveCfg = Debug|Any CPU
		{C97BF839-1018-46D3-8A97-7A2868019016}.Debug|Any CPU.Build.0 = Debug|Any CPU
		{C97BF839-1018-46D3-8A97-7A2868019016}.Release|Any CPU.ActiveCfg = Release|Any CPU
		{C97BF839-1018-46D3-8A97-7A2868019016}.Release|Any CPU.Build.0 = Release|Any CPU
	EndGlobalSection
	GlobalSection(SolutionProperties) = preSolution
		HideSolutionNode = FALSE
	EndGlobalSection
	GlobalSection(ExtensibilityGlobals) = postSolution
		SolutionGuid = {85CFCB5E-F3FB-435D-A219-906EFDDBA080}
	EndGlobalSection
EndGlobal
